
Microsoft Visual Studio Solution File, Format Version 12.00
# Visual Studio 15
VisualStudioVersion = 15.0.28307.572
MinimumVisualStudioVersion = 10.0.40219.1
Project("{FAE04EC0-301F-11D3-BF4B-00C04F79EFBC}") = "UnitTestProject1", "UnitTestProject1\UnitTestProject1.csproj", "{61DD4CB6-70C9-4F01-867C-63C69816B019}"
EndProject
Global
	GlobalSection(SolutionConfigurationPlatforms) = preSolution
		Debug|Any CPU = Debug|Any CPU
		Release|Any CPU = Release|Any CPU
	EndGlobalSection
	GlobalSection(ProjectConfigurationPlatforms) = postSolution
		{61DD4CB6-70C9-4F01-867C-63C69816B019}.Debug|Any CPU.ActiveCfg = Debug|Any CPU
		{61DD4CB6-70C9-4F01-867C-63C69816B019}.Debug|Any CPU.Build.0 = Debug|Any CPU
		{61DD4CB6-70C9-4F01-867C-63C69816B019}.Release|Any CPU.ActiveCfg = Release|Any CPU
		{61DD4CB6-70C9-4F01-867C-63C69816B019}.Release|Any CPU.Build.0 = Release|Any CPU
	EndGlobalSection
	GlobalSection(SolutionProperties) = preSolution
		HideSolutionNode = FALSE
	EndGlobalSection
	GlobalSection(ExtensibilityGlobals) = postSolution
		SolutionGuid = {E459A6BE-A3DD-44AF-9D98-B606B721AF85}
	EndGlobalSection
EndGlobal
